
Microsoft Visual Studio Solution File, Format Version 12.00
# Visual Studio Version 16
VisualStudioVersion = 16.0.30204.135
MinimumVisualStudioVersion = 10.0.40219.1
Project("{FAE04EC0-301F-11D3-BF4B-00C04F79EFBC}") = "CustomTextBox", "CustomTextBox\CustomTextBox.csproj", "{1F829149-ED46-4C7D-BA4A-7C5A28CF65BD}"
EndProject
Global
	GlobalSection(SolutionConfigurationPlatforms) = preSolution
		Debug|Any CPU = Debug|Any CPU
		Release|Any CPU = Release|Any CPU
	EndGlobalSection
	GlobalSection(ProjectConfigurationPlatforms) = postSolution
		{1F829149-ED46-4C7D-BA4A-7C5A28CF65BD}.Debug|Any CPU.ActiveCfg = Debug|Any CPU
		{1F829149-ED46-4C7D-BA4A-7C5A28CF65BD}.Debug|Any CPU.Build.0 = Debug|Any CPU
		{1F829149-ED46-4C7D-BA4A-7C5A28CF65BD}.Release|Any CPU.ActiveCfg = Release|Any CPU
		{1F829149-ED46-4C7D-BA4A-7C5A28CF65BD}.Release|Any CPU.Build.0 = Release|Any CPU
	EndGlobalSection
	GlobalSection(SolutionProperties) = preSolution
		HideSolutionNode = FALSE
	EndGlobalSection
	GlobalSection(ExtensibilityGlobals) = postSolution
		SolutionGuid = {E61AA69D-DE6B-4EFF-8CFF-FB851C872BD3}
	EndGlobalSection
EndGlobal
